
Microsoft Visual Studio Solution File, Format Version 12.00
# Visual Studio Version 16
VisualStudioVersion = 16.0.31702.278
MinimumVisualStudioVersion = 10.0.40219.1
Project("{8BC9CEB8-8B4A-11D0-8D11-00A0C91BC942}") = "a", "a\a.vcxproj", "{14327846-4B23-4553-ADCB-B1BC828EDCAE}"
EndProject
Project("{8BC9CEB8-8B4A-11D0-8D11-00A0C91BC942}") = "b", "b\b.vcxproj", "{5CE995EC-1659-48D1-8145-FEB0059ED7D0}"
EndProject
Project("{8BC9CEB8-8B4A-11D0-8D11-00A0C91BC942}") = "c", "c\c.vcxproj", "{6264F09C-3E8B-458E-BF33-09C9179D2B42}"
EndProject
Global
	GlobalSection(SolutionConfigurationPlatforms) = preSolution
		debug|x64 = debug|x64
		release|x64 = release|x64
	EndGlobalSection
	GlobalSection(ProjectConfigurationPlatforms) = postSolution
		{14327846-4B23-4553-ADCB-B1BC828EDCAE}.debug|x64.ActiveCfg = debug|x64
		{14327846-4B23-4553-ADCB-B1BC828EDCAE}.debug|x64.Build.0 = debug|x64
		{14327846-4B23-4553-ADCB-B1BC828EDCAE}.release|x64.ActiveCfg = release|x64
		{14327846-4B23-4553-ADCB-B1BC828EDCAE}.release|x64.Build.0 = release|x64
		{5CE995EC-1659-48D1-8145-FEB0059ED7D0}.debug|x64.ActiveCfg = debug|x64
		{5CE995EC-1659-48D1-8145-FEB0059ED7D0}.debug|x64.Build.0 = debug|x64
		{5CE995EC-1659-48D1-8145-FEB0059ED7D0}.release|x64.ActiveCfg = release|x64
		{5CE995EC-1659-48D1-8145-FEB0059ED7D0}.release|x64.Build.0 = release|x64
		{6264F09C-3E8B-458E-BF33-09C9179D2B42}.debug|x64.ActiveCfg = debug|x64
		{6264F09C-3E8B-458E-BF33-09C9179D2B42}.debug|x64.Build.0 = debug|x64
		{6264F09C-3E8B-458E-BF33-09C9179D2B42}.release|x64.ActiveCfg = release|x64
		{6264F09C-3E8B-458E-BF33-09C9179D2B42}.release|x64.Build.0 = release|x64
	EndGlobalSection
	GlobalSection(SolutionProperties) = preSolution
		HideSolutionNode = FALSE
	EndGlobalSection
	GlobalSection(ExtensibilityGlobals) = postSolution
		SolutionGuid = {FDE685F2-2D19-425F-9EDA-B1B7EB3F61ED}
	EndGlobalSection
EndGlobal
