
Microsoft Visual Studio Solution File, Format Version 12.00
# Visual Studio Version 16
VisualStudioVersion = 16.0.31624.102
MinimumVisualStudioVersion = 10.0.40219.1
Project("{8BC9CEB8-8B4A-11D0-8D11-00A0C91BC942}") = "a", "a\a.vcxproj", "{8CDA7F2D-39C3-4452-9A6C-60BC2B34D959}"
EndProject
Project("{8BC9CEB8-8B4A-11D0-8D11-00A0C91BC942}") = "b", "b\b.vcxproj", "{DB149431-171B-4787-AFF3-5C1B46B490D6}"
EndProject
Project("{8BC9CEB8-8B4A-11D0-8D11-00A0C91BC942}") = "c", "c\c.vcxproj", "{C0BAD317-694A-4D2D-AF77-F55FA7EBFF8A}"
EndProject
Project("{8BC9CEB8-8B4A-11D0-8D11-00A0C91BC942}") = "d", "d\d.vcxproj", "{67DD7FBA-9111-48D0-899E-B0D97844332F}"
EndProject
Project("{8BC9CEB8-8B4A-11D0-8D11-00A0C91BC942}") = "e", "e\e.vcxproj", "{DDE7C8E0-9059-484B-9DAE-F666EDFB8EDA}"
EndProject
Global
	GlobalSection(SolutionConfigurationPlatforms) = preSolution
		debug|x64 = debug|x64
		release|x64 = release|x64
	EndGlobalSection
	GlobalSection(ProjectConfigurationPlatforms) = postSolution
		{8CDA7F2D-39C3-4452-9A6C-60BC2B34D959}.debug|x64.ActiveCfg = debug|x64
		{8CDA7F2D-39C3-4452-9A6C-60BC2B34D959}.debug|x64.Build.0 = debug|x64
		{8CDA7F2D-39C3-4452-9A6C-60BC2B34D959}.release|x64.ActiveCfg = release|x64
		{8CDA7F2D-39C3-4452-9A6C-60BC2B34D959}.release|x64.Build.0 = release|x64
		{DB149431-171B-4787-AFF3-5C1B46B490D6}.debug|x64.ActiveCfg = debug|x64
		{DB149431-171B-4787-AFF3-5C1B46B490D6}.debug|x64.Build.0 = debug|x64
		{DB149431-171B-4787-AFF3-5C1B46B490D6}.release|x64.ActiveCfg = release|x64
		{DB149431-171B-4787-AFF3-5C1B46B490D6}.release|x64.Build.0 = release|x64
		{C0BAD317-694A-4D2D-AF77-F55FA7EBFF8A}.debug|x64.ActiveCfg = debug|x64
		{C0BAD317-694A-4D2D-AF77-F55FA7EBFF8A}.debug|x64.Build.0 = debug|x64
		{C0BAD317-694A-4D2D-AF77-F55FA7EBFF8A}.release|x64.ActiveCfg = release|x64
		{C0BAD317-694A-4D2D-AF77-F55FA7EBFF8A}.release|x64.Build.0 = release|x64
		{67DD7FBA-9111-48D0-899E-B0D97844332F}.debug|x64.ActiveCfg = debug|x64
		{67DD7FBA-9111-48D0-899E-B0D97844332F}.debug|x64.Build.0 = debug|x64
		{67DD7FBA-9111-48D0-899E-B0D97844332F}.release|x64.ActiveCfg = release|x64
		{67DD7FBA-9111-48D0-899E-B0D97844332F}.release|x64.Build.0 = release|x64
		{DDE7C8E0-9059-484B-9DAE-F666EDFB8EDA}.debug|x64.ActiveCfg = debug|x64
		{DDE7C8E0-9059-484B-9DAE-F666EDFB8EDA}.debug|x64.Build.0 = debug|x64
		{DDE7C8E0-9059-484B-9DAE-F666EDFB8EDA}.release|x64.ActiveCfg = release|x64
		{DDE7C8E0-9059-484B-9DAE-F666EDFB8EDA}.release|x64.Build.0 = release|x64
	EndGlobalSection
	GlobalSection(SolutionProperties) = preSolution
		HideSolutionNode = FALSE
	EndGlobalSection
	GlobalSection(ExtensibilityGlobals) = postSolution
		SolutionGuid = {0A5E48AB-3B29-4A88-98F0-6ABB4AF08A8E}
	EndGlobalSection
EndGlobal
