
Microsoft Visual Studio Solution File, Format Version 12.00
# Visual Studio 2012
Project("{8BC9CEB8-8B4A-11D0-8D11-00A0C91BC942}") = "Eulerian Tour", "Eulerian Tour\Eulerian Tour.vcxproj", "{FEDACFE3-3F78-4789-A3CA-87B78CF73B35}"
EndProject
Global
	GlobalSection(SolutionConfigurationPlatforms) = preSolution
		Debug|Win32 = Debug|Win32
		Release|Win32 = Release|Win32
	EndGlobalSection
	GlobalSection(ProjectConfigurationPlatforms) = postSolution
		{FEDACFE3-3F78-4789-A3CA-87B78CF73B35}.Debug|Win32.ActiveCfg = Debug|Win32
		{FEDACFE3-3F78-4789-A3CA-87B78CF73B35}.Debug|Win32.Build.0 = Debug|Win32
		{FEDACFE3-3F78-4789-A3CA-87B78CF73B35}.Release|Win32.ActiveCfg = Release|Win32
		{FEDACFE3-3F78-4789-A3CA-87B78CF73B35}.Release|Win32.Build.0 = Release|Win32
	EndGlobalSection
	GlobalSection(SolutionProperties) = preSolution
		HideSolutionNode = FALSE
	EndGlobalSection
EndGlobal
