<?xml version="1.0" encoding="utf-8"?>
<Project ToolsVersion="4.0" xmlns="http://schemas.microsoft.com/developer/msbuild/2003">
  <ItemGroup>
    <Filter Include="Source Files">
      <UniqueIdentifier>{4FC737F1-C7A5-4376-A066-2A32D752A2FF}</UniqueIdentifier>
      <Extensions>cpp;c;cc;cxx;def;odl;idl;hpj;bat;asm;asmx</Extensions>
    </Filter>
    <Filter Include="Backups">
      <UniqueIdentifier>{cc08093e-7971-4b30-a2ac-242fb5131797}</UniqueIdentifier>
    </Filter>
    <Filter Include="Problem I/O">
      <UniqueIdentifier>{344fce45-b53a-4143-9336-adb2caaf60fd}</UniqueIdentifier>
    </Filter>
  </ItemGroup>
  <ItemGroup>
    <ClCompile Include="Main.cpp">
      <Filter>Source Files</Filter>
    </ClCompile>
  </ItemGroup>
  <ItemGroup>
    <None Include="output.txt">
      <Filter>Problem I/O</Filter>
    </None>
    <None Include="input0.txt">
      <Filter>Problem I/O</Filter>
    </None>
    <None Include="input1.txt">
      <Filter>Problem I/O</Filter>
    </None>
    <None Include="input2.txt">
      <Filter>Problem I/O</Filter>
    </None>
    <None Include="input3.txt">
      <Filter>Problem I/O</Filter>
    </None>
    <None Include="input4.txt">
      <Filter>Problem I/O</Filter>
    </None>
    <None Include="input5.txt">
      <Filter>Problem I/O</Filter>
    </None>
    <None Include="backup0.txt">
      <Filter>Backups</Filter>
    </None>
    <None Include="backup1.txt">
      <Filter>Backups</Filter>
    </None>
    <None Include="backup2.txt">
      <Filter>Backups</Filter>
    </None>
  </ItemGroup>
  <ItemGroup>
    <Text Include="backup3.txt">
      <Filter>Backups</Filter>
    </Text>
  </ItemGroup>
</Project>